// !$*UTF8*$!
{
	archiveVersion = 1;
	classes = {
	};
	objectVersion = 46;
	objects = {

/* Begin PBXBuildFile section */
		4C381D941D10AD4800CDA8DC /* AppDelegate.swift in Sources */ = {isa = PBXBuildFile; fileRef = 4C381D931D10AD4800CDA8DC /* AppDelegate.swift */; };
		4C381D961D10AD4800CDA8DC /* ViewController.swift in Sources */ = {isa = PBXBuildFile; fileRef = 4C381D951D10AD4800CDA8DC /* ViewController.swift */; };
		4C381D991D10AD4800CDA8DC /* Main.storyboard in Resources */ = {isa = PBXBuildFile; fileRef = 4C381D971D10AD4800CDA8DC /* Main.storyboard */; };
		4C381D9B1D10AD4800CDA8DC /* Assets.xcassets in Resources */ = {isa = PBXBuildFile; fileRef = 4C381D9A1D10AD4800CDA8DC /* Assets.xcassets */; };
		4C381D9E1D10AD4800CDA8DC /* LaunchScreen.storyboard in Resources */ = {isa = PBXBuildFile; fileRef = 4C381D9C1D10AD4800CDA8DC /* LaunchScreen.storyboard */; };
		4C381DA91D10AD4800CDA8DC /* Tip_CalculatorTests.swift in Sources */ = {isa = PBXBuildFile; fileRef = 4C381DA81D10AD4800CDA8DC /* Tip_CalculatorTests.swift */; };
		4C381DB41D10AD4800CDA8DC /* Tip_CalculatorUITests.swift in Sources */ = {isa = PBXBuildFile; fileRef = 4C381DB31D10AD4800CDA8DC /* Tip_CalculatorUITests.swift */; };
/* End PBXBuildFile section */

/* Begin PBXContainerItemProxy section */
		4C381DA51D10AD4800CDA8DC /* PBXContainerItemProxy */ = {
			isa = PBXContainerItemProxy;
			containerPortal = 4C381D881D10AD4800CDA8DC /* Project object */;
			proxyType = 1;
			remoteGlobalIDString = 4C381D8F1D10AD4800CDA8DC;
			remoteInfo = "Tip Calculator";
		};
		4C381DB01D10AD4800CDA8DC /* PBXContainerItemProxy */ = {
			isa = PBXContainerItemProxy;
			containerPortal = 4C381D881D10AD4800CDA8DC /* Project object */;
			proxyType = 1;
			remoteGlobalIDString = 4C381D8F1D10AD4800CDA8DC;
			remoteInfo = "Tip Calculator";
		};
/* End PBXContainerItemProxy section */

/* Begin PBXFileReference section */
		4C381D901D10AD4800CDA8DC /* Tip Calculator.app */ = {isa = PBXFileReference; explicitFileType = wrapper.application; includeInIndex = 0; path = "Tip Calculator.app"; sourceTree = BUILT_PRODUCTS_DIR; };
		4C381D931D10AD4800CDA8DC /* AppDelegate.swift */ = {isa = PBXFileReference; lastKnownFileType = sourcecode.swift; path = AppDelegate.swift; sourceTree = "<group>"; };
		4C381D951D10AD4800CDA8DC /* ViewController.swift */ = {isa = PBXFileReference; lastKnownFileType = sourcecode.swift; path = ViewController.swift; sourceTree = "<group>"; };
		4C381D981D10AD4800CDA8DC /* Base */ = {isa = PBXFileReference; lastKnownFileType = file.storyboard; name = Base; path = Base.lproj/Main.storyboard; sourceTree = "<group>"; };
		4C381D9A1D10AD4800CDA8DC /* Assets.xcassets */ = {isa = PBXFileReference; lastKnownFileType = folder.assetcatalog; path = Assets.xcassets; sourceTree = "<group>"; };
		4C381D9D1D10AD4800CDA8DC /* Base */ = {isa = PBXFileReference; lastKnownFileType = file.storyboard; name = Base; path = Base.lproj/LaunchScreen.storyboard; sourceTree = "<group>"; };
		4C381D9F1D10AD4800CDA8DC /* Info.plist */ = {isa = PBXFileReference; lastKnownFileType = text.plist.xml; path = Info.plist; sourceTree = "<group>"; };
		4C381DA41D10AD4800CDA8DC /* Tip CalculatorTests.xctest */ = {isa = PBXFileReference; explicitFileType = wrapper.cfbundle; includeInIndex = 0; path = "Tip CalculatorTests.xctest"; sourceTree = BUILT_PRODUCTS_DIR; };
		4C381DA81D10AD4800CDA8DC /* Tip_CalculatorTests.swift */ = {isa = PBXFileReference; lastKnownFileType = sourcecode.swift; path = Tip_CalculatorTests.swift; sourceTree = "<group>"; };
		4C381DAA1D10AD4800CDA8DC /* Info.plist */ = {isa = PBXFileReference; lastKnownFileType = text.plist.xml; path = Info.plist; sourceTree = "<group>"; };
		4C381DAF1D10AD4800CDA8DC /* Tip CalculatorUITests.xctest */ = {isa = PBXFileReference; explicitFileType = wrapper.cfbundle; includeInIndex = 0; path = "Tip CalculatorUITests.xctest"; sourceTree = BUILT_PRODUCTS_DIR; };
		4C381DB31D10AD4800CDA8DC /* Tip_CalculatorUITests.swift */ = {isa = PBXFileReference; lastKnownFileType = sourcecode.swift; path = Tip_CalculatorUITests.swift; sourceTree = "<group>"; };
		4C381DB51D10AD4800CDA8DC /* Info.plist */ = {isa = PBXFileReference; lastKnownFileType = text.plist.xml; path = Info.plist; sourceTree = "<group>"; };
/* End PBXFileReference section */

/* Begin PBXFrameworksBuildPhase section */
		4C381D8D1D10AD4800CDA8DC /* Frameworks */ = {
			isa = PBXFrameworksBuildPhase;
			buildActionMask = 2147483647;
			files = (
			);
			runOnlyForDeploymentPostprocessing = 0;
		};
		4C381DA11D10AD4800CDA8DC /* Frameworks */ = {
			isa = PBXFrameworksBuildPhase;
			buildActionMask = 2147483647;
			files = (
			);
			runOnlyForDeploymentPostprocessing = 0;
		};
		4C381DAC1D10AD4800CDA8DC /* Frameworks */ = {
			isa = PBXFrameworksBuildPhase;
			buildActionMask = 2147483647;
			files = (
			);
			runOnlyForDeploymentPostprocessing = 0;
		};
/* End PBXFrameworksBuildPhase section */

/* Begin PBXGroup section */
		4C381D871D10AD4800CDA8DC = {
			isa = PBXGroup;
			children = (
				4C381D921D10AD4800CDA8DC /* Tip Calculator */,
				4C381DA71D10AD4800CDA8DC /* Tip CalculatorTests */,
				4C381DB21D10AD4800CDA8DC /* Tip CalculatorUITests */,
				4C381D911D10AD4800CDA8DC /* Products */,
			);
			sourceTree = "<group>";
		};
		4C381D911D10AD4800CDA8DC /* Products */ = {
			isa = PBXGroup;
			children = (
				4C381D901D10AD4800CDA8DC /* Tip Calculator.app */,
				4C381DA41D10AD4800CDA8DC /* Tip CalculatorTests.xctest */,
				4C381DAF1D10AD4800CDA8DC /* Tip CalculatorUITests.xctest */,
			);
			name = Products;
			sourceTree = "<group>";
		};
		4C381D921D10AD4800CDA8DC /* Tip Calculator */ = {
			isa = PBXGroup;
			children = (
				4C381D931D10AD4800CDA8DC /* AppDelegate.swift */,
				4C381D951D10AD4800CDA8DC /* ViewController.swift */,
				4C381D971D10AD4800CDA8DC /* Main.storyboard */,
				4C381D9A1D10AD4800CDA8DC /* Assets.xcassets */,
				4C381D9C1D10AD4800CDA8DC /* LaunchScreen.storyboard */,
				4C381D9F1D10AD4800CDA8DC /* Info.plist */,
			);
			path = "Tip Calculator";
			sourceTree = "<group>";
		};
		4C381DA71D10AD4800CDA8DC /* Tip CalculatorTests */ = {
			isa = PBXGroup;
			children = (
				4C381DA81D10AD4800CDA8DC /* Tip_CalculatorTests.swift */,
				4C381DAA1D10AD4800CDA8DC /* Info.plist */,
			);
			path = "Tip CalculatorTests";
			sourceTree = "<group>";
		};
		4C381DB21D10AD4800CDA8DC /* Tip CalculatorUITests */ = {
			isa = PBXGroup;
			children = (
				4C381DB31D10AD4800CDA8DC /* Tip_CalculatorUITests.swift */,
				4C381DB51D10AD4800CDA8DC /* Info.plist */,
			);
			path = "Tip CalculatorUITests";
			sourceTree = "<group>";
		};
/* End PBXGroup section */

/* Begin PBXNativeTarget section */
		4C381D8F1D10AD4800CDA8DC /* Tip Calculator */ = {
			isa = PBXNativeTarget;
			buildConfigurationList = 4C381DB81D10AD4800CDA8DC /* Build configuration list for PBXNativeTarget "Tip Calculator" */;
			buildPhases = (
				4C381D8C1D10AD4800CDA8DC /* Sources */,
				4C381D8D1D10AD4800CDA8DC /* Frameworks */,
				4C381D8E1D10AD4800CDA8DC /* Resources */,
			);
			buildRules = (
			);
			dependencies = (
			);
			name = "Tip Calculator";
			productName = "Tip Calculator";
			productReference = 4C381D901D10AD4800CDA8DC /* Tip Calculator.app */;
			productType = "com.apple.product-type.application";
		};
		4C381DA31D10AD4800CDA8DC /* Tip CalculatorTests */ = {
			isa = PBXNativeTarget;
			buildConfigurationList = 4C381DBB1D10AD4800CDA8DC /* Build configuration list for PBXNativeTarget "Tip CalculatorTests" */;
			buildPhases = (
				4C381DA01D10AD4800CDA8DC /* Sources */,
				4C381DA11D10AD4800CDA8DC /* Frameworks */,
				4C381DA21D10AD4800CDA8DC /* Resources */,
			);
			buildRules = (
			);
			dependencies = (
				4C381DA61D10AD4800CDA8DC /* PBXTargetDependency */,
			);
			name = "Tip CalculatorTests";
			productName = "Tip CalculatorTests";
			productReference = 4C381DA41D10AD4800CDA8DC /* Tip CalculatorTests.xctest */;
			productType = "com.apple.product-type.bundle.unit-test";
		};
		4C381DAE1D10AD4800CDA8DC /* Tip CalculatorUITests */ = {
			isa = PBXNativeTarget;
			buildConfigurationList = 4C381DBE1D10AD4800CDA8DC /* Build configuration list for PBXNativeTarget "Tip CalculatorUITests" */;
			buildPhases = (
				4C381DAB1D10AD4800CDA8DC /* Sources */,
				4C381DAC1D10AD4800CDA8DC /* Frameworks */,
				4C381DAD1D10AD4800CDA8DC /* Resources */,
			);
			buildRules = (
			);
			dependencies = (
				4C381DB11D10AD4800CDA8DC /* PBXTargetDependency */,
			);
			name = "Tip CalculatorUITests";
			productName = "Tip CalculatorUITests";
			productReference = 4C381DAF1D10AD4800CDA8DC /* Tip CalculatorUITests.xctest */;
			productType = "com.apple.product-type.bundle.ui-testing";
		};
/* End PBXNativeTarget section */

/* Begin PBXProject section */
		4C381D881D10AD4800CDA8DC /* Project object */ = {
			isa = PBXProject;
			attributes = {
				LastSwiftUpdateCheck = 0730;
				LastUpgradeCheck = 0730;
				ORGANIZATIONNAME = "Jean Adedze";
				TargetAttributes = {
					4C381D8F1D10AD4800CDA8DC = {
						CreatedOnToolsVersion = 7.3.1;
					};
					4C381DA31D10AD4800CDA8DC = {
						CreatedOnToolsVersion = 7.3.1;
						TestTargetID = 4C381D8F1D10AD4800CDA8DC;
					};
					4C381DAE1D10AD4800CDA8DC = {
						CreatedOnToolsVersion = 7.3.1;
						TestTargetID = 4C381D8F1D10AD4800CDA8DC;
					};
				};
			};
			buildConfigurationList = 4C381D8B1D10AD4800CDA8DC /* Build configuration list for PBXProject "Tip Calculator" */;
			compatibilityVersion = "Xcode 3.2";
			developmentRegion = English;
			hasScannedForEncodings = 0;
			knownRegions = (
				en,
				Base,
			);
			mainGroup = 4C381D871D10AD4800CDA8DC;
			productRefGroup = 4C381D911D10AD4800CDA8DC /* Products */;
			projectDirPath = "";
			projectRoot = "";
			targets = (
				4C381D8F1D10AD4800CDA8DC /* Tip Calculator */,
				4C381DA31D10AD4800CDA8DC /* Tip CalculatorTests */,
				4C381DAE1D10AD4800CDA8DC /* Tip CalculatorUITests */,
			);
		};
/* End PBXProject section */

/* Begin PBXResourcesBuildPhase section */
		4C381D8E1D10AD4800CDA8DC /* Resources */ = {
			isa = PBXResourcesBuildPhase;
			buildActionMask = 2147483647;
			files = (
				4C381D9E1D10AD4800CDA8DC /* LaunchScreen.storyboard in Resources */,
				4C381D9B1D10AD4800CDA8DC /* Assets.xcassets in Resources */,
				4C381D991D10AD4800CDA8DC /* Main.storyboard in Resources */,
			);
			runOnlyForDeploymentPostprocessing = 0;
		};
		4C381DA21D10AD4800CDA8DC /* Resources */ = {
			isa = PBXResourcesBuildPhase;
			buildActionMask = 2147483647;
			files = (
			);
			runOnlyForDeploymentPostprocessing = 0;
		};
		4C381DAD1D10AD4800CDA8DC /* Resources */ = {
			isa = PBXResourcesBuildPhase;
			buildActionMask = 2147483647;
			files = (
			);
			runOnlyForDeploymentPostprocessing = 0;
		};
/* End PBXResourcesBuildPhase section */

/* Begin PBXSourcesBuildPhase section */
		4C381D8C1D10AD4800CDA8DC /* Sources */ = {
			isa = PBXSourcesBuildPhase;
			buildActionMask = 2147483647;
			files = (
				4C381D961D10AD4800CDA8DC /* ViewController.swift in Sources */,
				4C381D941D10AD4800CDA8DC /* AppDelegate.swift in Sources */,
			);
			runOnlyForDeploymentPostprocessing = 0;
		};
		4C381DA01D10AD4800CDA8DC /* Sources */ = {
			isa = PBXSourcesBuildPhase;
			buildActionMask = 2147483647;
			files = (
				4C381DA91D10AD4800CDA8DC /* Tip_CalculatorTests.swift in Sources */,
			);
			runOnlyForDeploymentPostprocessing = 0;
		};
		4C381DAB1D10AD4800CDA8DC /* Sources */ = {
			isa = PBXSourcesBuildPhase;
			buildActionMask = 2147483647;
			files = (
				4C381DB41D10AD4800CDA8DC /* Tip_CalculatorUITests.swift in Sources */,
			);
			runOnlyForDeploymentPostprocessing = 0;
		};
/* End PBXSourcesBuildPhase section */

/* Begin PBXTargetDependency section */
		4C381DA61D10AD4800CDA8DC /* PBXTargetDependency */ = {
			isa = PBXTargetDependency;
			target = 4C381D8F1D10AD4800CDA8DC /* Tip Calculator */;
			targetProxy = 4C381DA51D10AD4800CDA8DC /* PBXContainerItemProxy */;
		};
		4C381DB11D10AD4800CDA8DC /* PBXTargetDependency */ = {
			isa = PBXTargetDependency;
			target = 4C381D8F1D10AD4800CDA8DC /* Tip Calculator */;
			targetProxy = 4C381DB01D10AD4800CDA8DC /* PBXContainerItemProxy */;
		};
/* End PBXTargetDependency section */

/* Begin PBXVariantGroup section */
		4C381D971D10AD4800CDA8DC /* Main.storyboard */ = {
			isa = PBXVariantGroup;
			children = (
				4C381D981D10AD4800CDA8DC /* Base */,
			);
			name = Main.storyboard;
			sourceTree = "<group>";
		};
		4C381D9C1D10AD4800CDA8DC /* LaunchScreen.storyboard */ = {
			isa = PBXVariantGroup;
			children = (
				4C381D9D1D10AD4800CDA8DC /* Base */,
			);
			name = LaunchScreen.storyboard;
			sourceTree = "<group>";
		};
/* End PBXVariantGroup section */

/* Begin XCBuildConfiguration section */
		4C381DB61D10AD4800CDA8DC /* Debug */ = {
			isa = XCBuildConfiguration;
			buildSettings = {
				ALWAYS_SEARCH_USER_PATHS = NO;
				CLANG_ANALYZER_NONNULL = YES;
				CLANG_CXX_LANGUAGE_STANDARD = "gnu++0x";
				CLANG_CXX_LIBRARY = "libc++";
				CLANG_ENABLE_MODULES = YES;
				CLANG_ENABLE_OBJC_ARC = YES;
				CLANG_WARN_BOOL_CONVERSION = YES;
				CLANG_WARN_CONSTANT_CONVERSION = YES;
				CLANG_WARN_DIRECT_OBJC_ISA_USAGE = YES_ERROR;
				CLANG_WARN_EMPTY_BODY = YES;
				CLANG_WARN_ENUM_CONVERSION = YES;
				CLANG_WARN_INT_CONVERSION = YES;
				CLANG_WARN_OBJC_ROOT_CLASS = YES_ERROR;
				CLANG_WARN_UNREACHABLE_CODE = YES;
				CLANG_WARN__DUPLICATE_METHOD_MATCH = YES;
				"CODE_SIGN_IDENTITY[sdk=iphoneos*]" = "iPhone Developer";
				COPY_PHASE_STRIP = NO;
				DEBUG_INFORMATION_FORMAT = dwarf;
				ENABLE_STRICT_OBJC_MSGSEND = YES;
				ENABLE_TESTABILITY = YES;
				GCC_C_LANGUAGE_STANDARD = gnu99;
				GCC_DYNAMIC_NO_PIC = NO;
				GCC_NO_COMMON_BLOCKS = YES;
				GCC_OPTIMIZATION_LEVEL = 0;
				GCC_PREPROCESSOR_DEFINITIONS = (
					"DEBUG=1",
					"$(inherited)",
				);
				GCC_WARN_64_TO_32_BIT_CONVERSION = YES;
				GCC_WARN_ABOUT_RETURN_TYPE = YES_ERROR;
				GCC_WARN_UNDECLARED_SELECTOR = YES;
				GCC_WARN_UNINITIALIZED_AUTOS = YES_AGGRESSIVE;
				GCC_WARN_UNUSED_FUNCTION = YES;
				GCC_WARN_UNUSED_VARIABLE = YES;
				IPHONEOS_DEPLOYMENT_TARGET = 9.3;
				MTL_ENABLE_DEBUG_INFO = YES;
				ONLY_ACTIVE_ARCH = YES;
				SDKROOT = iphoneos;
				SWIFT_OPTIMIZATION_LEVEL = "-Onone";
			};
			name = Debug;
		};
		4C381DB71D10AD4800CDA8DC /* Release */ = {
			isa = XCBuildConfiguration;
			buildSettings = {
				ALWAYS_SEARCH_USER_PATHS = NO;
				CLANG_ANALYZER_NONNULL = YES;
				CLANG_CXX_LANGUAGE_STANDARD = "gnu++0x";
				CLANG_CXX_LIBRARY = "libc++";
				CLANG_ENABLE_MODULES = YES;
				CLANG_ENABLE_OBJC_ARC = YES;
				CLANG_WARN_BOOL_CONVERSION = YES;
				CLANG_WARN_CONSTANT_CONVERSION = YES;
				CLANG_WARN_DIRECT_OBJC_ISA_USAGE = YES_ERROR;
				CLANG_WARN_EMPTY_BODY = YES;
				CLANG_WARN_ENUM_CONVERSION = YES;
				CLANG_WARN_INT_CONVERSION = YES;
				CLANG_WARN_OBJC_ROOT_CLASS = YES_ERROR;
				CLANG_WARN_UNREACHABLE_CODE = YES;
				CLANG_WARN__DUPLICATE_METHOD_MATCH = YES;
				"CODE_SIGN_IDENTITY[sdk=iphoneos*]" = "iPhone Developer";
				COPY_PHASE_STRIP = NO;
				DEBUG_INFORMATION_FORMAT = "dwarf-with-dsym";
				ENABLE_NS_ASSERTIONS = NO;
				ENABLE_STRICT_OBJC_MSGSEND = YES;
				GCC_C_LANGUAGE_STANDARD = gnu99;
				GCC_NO_COMMON_BLOCKS = YES;
				GCC_WARN_64_TO_32_BIT_CONVERSION = YES;
				GCC_WARN_ABOUT_RETURN_TYPE = YES_ERROR;
				GCC_WARN_UNDECLARED_SELECTOR = YES;
				GCC_WARN_UNINITIALIZED_AUTOS = YES_AGGRESSIVE;
				GCC_WARN_UNUSED_FUNCTION = YES;
				GCC_WARN_UNUSED_VARIABLE = YES;
				IPHONEOS_DEPLOYMENT_TARGET = 9.3;
				MTL_ENABLE_DEBUG_INFO = NO;
				SDKROOT = iphoneos;
				VALIDATE_PRODUCT = YES;
			};
			name = Release;
		};
		4C381DB91D10AD4800CDA8DC /* Debug */ = {
			isa = XCBuildConfiguration;
			buildSettings = {
				ASSETCATALOG_COMPILER_APPICON_NAME = AppIcon;
				INFOPLIST_FILE = "Tip Calculator/Info.plist";
				LD_RUNPATH_SEARCH_PATHS = "$(inherited) @executable_path/Frameworks";
				PRODUCT_BUNDLE_IDENTIFIER = "com.facebookeng.Tip-Calculator";
				PRODUCT_NAME = "$(TARGET_NAME)";
			};
			name = Debug;
		};
		4C381DBA1D10AD4800CDA8DC /* Release */ = {
			isa = XCBuildConfiguration;
			buildSettings = {
				ASSETCATALOG_COMPILER_APPICON_NAME = AppIcon;
				INFOPLIST_FILE = "Tip Calculator/Info.plist";
				LD_RUNPATH_SEARCH_PATHS = "$(inherited) @executable_path/Frameworks";
				PRODUCT_BUNDLE_IDENTIFIER = "com.facebookeng.Tip-Calculator";
				PRODUCT_NAME = "$(TARGET_NAME)";
			};
			name = Release;
		};
		4C381DBC1D10AD4800CDA8DC /* Debug */ = {
			isa = XCBuildConfiguration;
			buildSettings = {
				BUNDLE_LOADER = "$(TEST_HOST)";
				INFOPLIST_FILE = "Tip CalculatorTests/Info.plist";
				LD_RUNPATH_SEARCH_PATHS = "$(inherited) @executable_path/Frameworks @loader_path/Frameworks";
				PRODUCT_BUNDLE_IDENTIFIER = "com.facebookeng.Tip-CalculatorTests";
				PRODUCT_NAME = "$(TARGET_NAME)";
				TEST_HOST = "$(BUILT_PRODUCTS_DIR)/Tip Calculator.app/Tip Calculator";
			};
			name = Debug;
		};
		4C381DBD1D10AD4800CDA8DC /* Release */ = {
			isa = XCBuildConfiguration;
			buildSettings = {
				BUNDLE_LOADER = "$(TEST_HOST)";
				INFOPLIST_FILE = "Tip CalculatorTests/Info.plist";
				LD_RUNPATH_SEARCH_PATHS = "$(inherited) @executable_path/Frameworks @loader_path/Frameworks";
				PRODUCT_BUNDLE_IDENTIFIER = "com.facebookeng.Tip-CalculatorTests";
				PRODUCT_NAME = "$(TARGET_NAME)";
				TEST_HOST = "$(BUILT_PRODUCTS_DIR)/Tip Calculator.app/Tip Calculator";
			};
			name = Release;
		};
		4C381DBF1D10AD4800CDA8DC /* Debug */ = {
			isa = XCBuildConfiguration;
			buildSettings = {
				INFOPLIST_FILE = "Tip CalculatorUITests/Info.plist";
				LD_RUNPATH_SEARCH_PATHS = "$(inherited) @executable_path/Frameworks @loader_path/Frameworks";
				PRODUCT_BUNDLE_IDENTIFIER = "com.facebookeng.Tip-CalculatorUITests";
				PRODUCT_NAME = "$(TARGET_NAME)";
				TEST_TARGET_NAME = "Tip Calculator";
			};
			name = Debug;
		};
		4C381DC01D10AD4800CDA8DC /* Release */ = {
			isa = XCBuildConfiguration;
			buildSettings = {
				INFOPLIST_FILE = "Tip CalculatorUITests/Info.plist";
				LD_RUNPATH_SEARCH_PATHS = "$(inherited) @executable_path/Frameworks @loader_path/Frameworks";
				PRODUCT_BUNDLE_IDENTIFIER = "com.facebookeng.Tip-CalculatorUITests";
				PRODUCT_NAME = "$(TARGET_NAME)";
				TEST_TARGET_NAME = "Tip Calculator";
			};
			name = Release;
		};
/* End XCBuildConfiguration section */

/* Begin XCConfigurationList section */
		4C381D8B1D10AD4800CDA8DC /* Build configuration list for PBXProject "Tip Calculator" */ = {
			isa = XCConfigurationList;
			buildConfigurations = (
				4C381DB61D10AD4800CDA8DC /* Debug */,
				4C381DB71D10AD4800CDA8DC /* Release */,
			);
			defaultConfigurationIsVisible = 0;
			defaultConfigurationName = Release;
		};
		4C381DB81D10AD4800CDA8DC /* Build configuration list for PBXNativeTarget "Tip Calculator" */ = {
			isa = XCConfigurationList;
			buildConfigurations = (
				4C381DB91D10AD4800CDA8DC /* Debug */,
				4C381DBA1D10AD4800CDA8DC /* Release */,
			);
			defaultConfigurationIsVisible = 0;
		};
		4C381DBB1D10AD4800CDA8DC /* Build configuration list for PBXNativeTarget "Tip CalculatorTests" */ = {
			isa = XCConfigurationList;
			buildConfigurations = (
				4C381DBC1D10AD4800CDA8DC /* Debug */,
				4C381DBD1D10AD4800CDA8DC /* Release */,
			);
			defaultConfigurationIsVisible = 0;
		};
		4C381DBE1D10AD4800CDA8DC /* Build configuration list for PBXNativeTarget "Tip CalculatorUITests" */ = {
			isa = XCConfigurationList;
			buildConfigurations = (
				4C381DBF1D10AD4800CDA8DC /* Debug */,
				4C381DC01D10AD4800CDA8DC /* Release */,
			);
			defaultConfigurationIsVisible = 0;
		};
/* End XCConfigurationList section */
	};
	rootObject = 4C381D881D10AD4800CDA8DC /* Project object */;
}
